lockfileVersion: '9.0'

settings:
  autoInstallPeers: true
  excludeLinksFromLockfile: false

importers:

  .:
    dependencies:
      '@pnpm/lockfile.fs':
        specifier: ^1001.1.12
        version: 1001.1.12(@pnpm/logger@1001.0.0)
      '@pnpm/modules-yaml':
        specifier: ^1000.3.3
        version: 1000.3.3
      '@pnpm/workspace.manifest-writer':
        specifier: ^1000.1.4
        version: 1000.1.4
      '@pnpm/workspace.read-manifest':
        specifier: ^1000.1.5
        version: 1000.1.5

packages:

  '@pnpm/constants@1001.1.0':
    resolution: {integrity: sha512-xb9dfSGi1qfUKY3r4Zy9JdC9+ZeaDxwfE7HrrGIEsBVY1hvIn6ntbR7A97z3nk44yX7vwbINNf9sizTp0WEtEw==}
    engines: {node: '>=18.12'}

  '@pnpm/crypto.hash@1000.1.1':
    resolution: {integrity: sha512-lb5kwXaOXdIW/4bkLLmtM9HEVRvp2eIvp+TrdawcPoaptgA/5f0/sRG0P52BF8dFqeNDj+1tGdqH89WQEqJnxA==}
    engines: {node: '>=18.12'}

  '@pnpm/crypto.polyfill@1000.1.0':
    resolution: {integrity: sha512-tNe7a6U4rCpxLMBaR0SIYTdjxGdL0Vwb3G1zY8++sPtHSvy7qd54u8CIB0Z+Y6t5tc9pNYMYCMwhE/wdSY7ltg==}
    engines: {node: '>=18.12'}

  '@pnpm/dependency-path@1000.0.9':
    resolution: {integrity: sha512-0AhabApfiq3EEYeed5HKQEU3ftkrfyKTNgkMH9esGdp2yc+62Zu7eWFf8WW6IGyitDQPLWGYjSEWDC9Bvv8nPg==}
    engines: {node: '>=18.12'}

  '@pnpm/error@1000.0.2':
    resolution: {integrity: sha512-2SfE4FFL73rE1WVIoESbqlj4sLy5nWW4M/RVdHvCRJPjlQHa9MH7m7CVJM204lz6I+eHoB+E7rL3zmpJR5wYnQ==}
    engines: {node: '>=18.12'}

  '@pnpm/git-utils@1000.0.0':
    resolution: {integrity: sha512-W6isNTNgB26n6dZUgwCw6wly+uHQ2Zh5QiRKY1HHMbLAlsnZOxsSNGnuS9euKWHxDftvPfU7uR8XB5x95T5zPQ==}
    engines: {node: '>=18.12'}

  '@pnpm/graceful-fs@1000.0.0':
    resolution: {integrity: sha512-RvMEliAmcfd/4UoaYQ93DLQcFeqit78jhYmeJJVPxqFGmj0jEcb9Tu0eAOXr7tGP3eJHpgvPbTU4o6pZ1bJhxg==}
    engines: {node: '>=18.12'}

  '@pnpm/lockfile.fs@1001.1.12':
    resolution: {integrity: sha512-xgDIxSpOx5aM2QDx8n/gAcZY3V+abe7Q9Qbj2hRZA2rANGVYuitSPETwSsP4X3JpBm6ivjzPBRy5bfp+7UtaUQ==}
    engines: {node: '>=18.12'}
    peerDependencies:
      '@pnpm/logger': '>=1001.0.0 <1002.0.0'

  '@pnpm/lockfile.merger@1001.0.8':
    resolution: {integrity: sha512-oB9ABNyxn2yiCr7fGfhrZw2ANXjs9IW9F0y+MyKlryNFHgEsw7972WKOtb1zMRozLg1tU0i+hSLt/Bh8imuTIg==}
    engines: {node: '>=18.12'}

  '@pnpm/lockfile.types@1001.0.8':
    resolution: {integrity: sha512-rKecvWutX7aZPFNyXGnGtiwfmnPRiQyG6AWQ1Ad0djWKbPeccg0s9B7cJqCJ4nEnwzhEvw9UtuofBkU/O0L+bQ==}
    engines: {node: '>=18.12'}

  '@pnpm/lockfile.utils@1001.0.11':
    resolution: {integrity: sha512-z+xK8yCILgFtjZUAOtAneCcuFtmK8CVLBNLGUxZtaiCPNEeaIdHa7U2NFKONk1tLJ8Me9KazIRstyqIhtZvKvA==}
    engines: {node: '>=18.12'}

  '@pnpm/logger@1001.0.0':
    resolution: {integrity: sha512-nj80XtTHHt7T+b5stLWszzd166MbGx4eTOu9+6h6RdelKMlSWhrb7KUb0j90tYk+yoGx8TeMVdJCaoBnkLp8xw==}
    engines: {node: '>=18.12'}

  '@pnpm/modules-yaml@1000.3.3':
    resolution: {integrity: sha512-yw+3SEwNr7Gm6bfJr6WtW8merbEV3hgECRqdA2omQ/eDcApT6CRxduUpaYWHV1/8w20rGg4mw5BsIa5OnKMsZQ==}
    engines: {node: '>=18.12'}

  '@pnpm/object.key-sorting@1000.0.1':
    resolution: {integrity: sha512-YTJCXyUGOrJuj4QqhSKqZa1vlVAm82h1/uw00ZmD/kL2OViggtyUwWyIe62kpwWVPwEYixfGjfvaFKVJy2mjzA==}
    engines: {node: '>=18.12'}

  '@pnpm/patching.types@1000.1.0':
    resolution: {integrity: sha512-Zib2ysLctRnWM4KXXlljR44qSKwyEqYmLk+8VPBDBEK3l5Gp5mT3N4ix9E4qjYynvFqahumsxzOfxOYQhUGMGw==}
    engines: {node: '>=18.12'}

  '@pnpm/pick-fetcher@1000.0.0':
    resolution: {integrity: sha512-/Lg6m3wcd6sRB1zHH0EZpGVkmor1+jdXdrvGtatUXxug+Gm2JzeW7Kd8LVcGyKTfFMMlT+xxhjfHKG67QNJxtA==}
    engines: {node: '>=18.12'}

  '@pnpm/ramda@0.28.1':
    resolution: {integrity: sha512-zcAG+lvU0fMziNeGXpPyCyCJYp5ZVrPElEE4t14jAmViaihohocZ+dDkcRIyAomox8pQsuZnv1EyHR+pOhmUWw==}

  '@pnpm/resolver-base@1003.0.1':
    resolution: {integrity: sha512-QdkoHw3Bk/pLfdmhWttBZP5DVOcYTvli6zjt9Pk3A8gIhVMw1QBRbdhhvEmPgKwDh6DxD7jFrh8daTkF7OK1cw==}
    engines: {node: '>=18.12'}

  '@pnpm/types@1000.6.0':
    resolution: {integrity: sha512-6PsMNe98VKPGcg6LnXSW/LE3YfJ77nj+bPKiRjYRWAQLZ+xXjEQRaR0dAuyjCmchlv4wR/hpnMVRS21/fCod5w==}
    engines: {node: '>=18.12'}

  '@pnpm/util.lex-comparator@3.0.2':
    resolution: {integrity: sha512-blFO4Ws97tWv/SNE6N39ZdGmZBrocXnBOfVp0ln4kELmns4pGPZizqyRtR8EjfOLMLstbmNCTReBoDvLz1isVg==}
    engines: {node: '>=18.12'}

  '@pnpm/workspace.manifest-writer@1000.1.4':
    resolution: {integrity: sha512-muGVZ4LWmdUoLNE7+sv6D9OnKY/PO4xzXvcA5r2t9HFnxibd9DBjPg51K62e7euif8v6fDNx18soh1GmVxqKOg==}
    engines: {node: '>=18.12'}

  '@pnpm/workspace.read-manifest@1000.1.5':
    resolution: {integrity: sha512-2oSdHnL1n9SCAsGySFFbQeLSydv5KA87781ifS17/uY7c9eEd8vMIpjcXG4Mws1ri+B+1rSCy/1T3gfdLGgOsQ==}
    engines: {node: '>=18.12'}

  '@zkochan/js-yaml@0.0.7':
    resolution: {integrity: sha512-nrUSn7hzt7J6JWgWGz78ZYI8wj+gdIJdk0Ynjpp8l+trkn58Uqsf6RYrYkEK+3X18EX+TNdtJI0WxAtc+L84SQ==}
    hasBin: true

  '@zkochan/rimraf@3.0.2':
    resolution: {integrity: sha512-GBf4ua7ogWTr7fATnzk/JLowZDBnBJMm8RkMaC/KcvxZ9gxbMWix0/jImd815LmqKyIHZ7h7lADRddGMdGBuCA==}
    engines: {node: '>=18.12'}

  '@zkochan/which@2.0.3':
    resolution: {integrity: sha512-C1ReN7vt2/2O0fyTsx5xnbQuxBrmG5NMSbcIkPKCCfCTJgpZBsuRYzFXHj3nVq8vTfK7vxHUmzfCpSHgO7j4rg==}
    engines: {node: '>= 8'}
    hasBin: true

  argparse@2.0.1:
    resolution: {integrity: sha512-8+9WqebbFzpX9OR+Wa6O29asIogeRMzcGtAINdpMHHyAg10f05aSFVBbcEqGf/PXw1EjAZ+q2/bEBg3DvurK3Q==}

  bole@5.0.19:
    resolution: {integrity: sha512-OgMuI8erST2t4K/Y+tSsn4SOxlKj4JR2wluQgLYadQFPIhj0r3jcmnp0OthgiyNO91CnxR8woKeLQmnMPgl1Ug==}

  comver-to-semver@1.0.0:
    resolution: {integrity: sha512-gcGtbRxjwROQOdXLUWH1fQAXqThUVRZ219aAwgtX3KfYw429/Zv6EIJRf5TBSzWdAGwePmqH7w70WTaX4MDqag==}
    engines: {node: '>=12.17'}

  cross-spawn@7.0.6:
    resolution: {integrity: sha512-uV2QOWP2nWzsy2aMp8aRibhi9dlzF5Hgh5SHaB9OiTGEyDTiJJyx0uy51QXdyWbtAHNua4XJzUKca3OzKUd3vA==}
    engines: {node: '>= 8'}

  execa@5.1.1:
    resolution: {integrity: sha512-8uSpZZocAZRBAPIEINJj3Lo9HyGitllczc27Eh5YYojjMFMn8yHMDMaUHE2Jqfq05D/wucwI4JGURyXt1vchyg==}
    engines: {node: '>=10'}

  fast-safe-stringify@2.1.1:
    resolution: {integrity: sha512-W+KJc2dmILlPplD/H4K9l9LcAHAfPtP6BY84uVLXQ6Evcz9Lcg33Y2z1IVblT6xdY54PXYVHEv+0Wpq8Io6zkA==}

  get-npm-tarball-url@2.1.0:
    resolution: {integrity: sha512-ro+DiMu5DXgRBabqXupW38h7WPZ9+Ad8UjwhvsmmN8w1sU7ab0nzAXvVZ4kqYg57OrqomRtJvepX5/xvFKNtjA==}
    engines: {node: '>=12.17'}

  get-stream@6.0.1:
    resolution: {integrity: sha512-ts6Wi+2j3jQjqi70w5AlN8DFnkSwC+MqmxEzdEALB2qXZYV3X/b1CTfgPLGJNMeAWxdPfU8FO1ms3NUfaHCPYg==}
    engines: {node: '>=10'}

  graceful-fs@4.2.11:
    resolution: {integrity: sha512-RbJ5/jmFcNNCcDV5o9eTnBLJ/HszWV0P73bc+Ff4nS/rJj+YaS6IGyiOL0VoBYX+l1Wrl3k63h/KrH+nhJ0XvQ==}

  human-signals@2.1.0:
    resolution: {integrity: sha512-B4FFZ6q/T2jhhksgkbEW3HBvWIfDW85snkQgawt07S7J5QXTk6BkNV+0yAeZrM5QpMAdYlocGoljn0sJ/WQkFw==}
    engines: {node: '>=10.17.0'}

  imurmurhash@0.1.4:
    resolution: {integrity: sha512-JmXMZ6wuvDmLiHEml9ykzqO6lwFbof0GG4IkcGaENdCRDDmMVnny7s5HsIgHCbaq0w2MyPhDqkhTUgS2LU2PHA==}
    engines: {node: '>=0.8.19'}

  individual@3.0.0:
    resolution: {integrity: sha512-rUY5vtT748NMRbEMrTNiFfy29BgGZwGXUi2NFUVMWQrogSLzlJvQV9eeMWi+g1aVaQ53tpyLAQtd5x/JH0Nh1g==}

  inherits@2.0.4:
    resolution: {integrity: sha512-k/vGaX4/Yla3WzyMCvTQOXYeIHvqOKtnqBduzTHpzpQZzAskKMhZ2K+EnBiSM9zGSoIFeMpXKxa4dYeZIQqewQ==}

  is-plain-obj@2.1.0:
    resolution: {integrity: sha512-YWnfyRwxL/+SsrWYfOpUtz5b3YD+nyfkHvjbcanzk8zgyO4ASD67uVMRt8k5bM4lLMDnXfriRhOpemw+NfT1eA==}
    engines: {node: '>=8'}

  is-stream@2.0.1:
    resolution: {integrity: sha512-hFoiJiTl63nn+kstHGBtewWSKnQLpyb155KHheA1l39uvtO9nWIop1p3udqPcUd/xbF1VLMO4n7OI6p7RbngDg==}
    engines: {node: '>=8'}

  is-windows@1.0.2:
    resolution: {integrity: sha512-eXK1UInq2bPmjyX6e3VHIzMLobc4J94i4AWn+Hpq3OU5KkrRC96OAcR3PRJ/pGu6m8TRnBHP9dkXQVsT/COVIA==}
    engines: {node: '>=0.10.0'}

  isexe@2.0.0:
    resolution: {integrity: sha512-RHxMLp9lnKHGHRng9QFhRCMbYAcVpn69smSGcq3f36xjgVVWThj4qqLbTLlq7Ssj8B+fIQ1EuCEGI2lKsyQeIw==}

  js-yaml@4.1.0:
    resolution: {integrity: sha512-wpxZs9NoxZaJESJGIZTyDEaYpl0FKSA+FB9aJiyemKhMwkxQg63h4T1KJgUGHpTqPDNRcmmYLugrRjJlBtWvRA==}
    hasBin: true

  json-stringify-safe@5.0.1:
    resolution: {integrity: sha512-ZClg6AaYvamvYEE82d3Iyd3vSSIjQ+odgjaTzRuO3s7toCdFKczob2i0zCh7JE8kWn17yvAWhUVxvqGwUalsRA==}

  merge-stream@2.0.0:
    resolution: {integrity: sha512-abv/qOcuPfk3URPfDzmZU1LKmuw8kT+0nIHvKrKgFrwifol/doWcdA4ZqsWQ8ENrFKkd67Mfpo/LovbIUsbt3w==}

  mimic-fn@2.1.0:
    resolution: {integrity: sha512-OqbOk5oEQeAZ8WXWydlu9HJjz9WVdEIvamMCcXmuqUYjTknH/sqsWvhQ3vgwKFRR1HpjvNBKQ37nbJgYzGqGcg==}
    engines: {node: '>=6'}

  minimist@1.2.8:
    resolution: {integrity: sha512-2yyAR8qBkN3YuheJanUpWC5U3bb5osDywNB8RzDVlDwDHbocAJveqqj1u8+SVD7jkWT4yvsHCpWqqWqAxb0zCA==}

  minipass@7.1.2:
    resolution: {integrity: sha512-qOOzS1cBTWYF4BH8fVePDBOO9iptMnGUEZwNc/cMWnTV2nVLZ7VoNWEPHkYczZA0pdoA7dl6e7FL659nX9S2aw==}
    engines: {node: '>=16 || 14 >=14.17'}

  ndjson@2.0.0:
    resolution: {integrity: sha512-nGl7LRGrzugTtaFcJMhLbpzJM6XdivmbkdlaGcrk/LXg2KL/YBC6z1g70xh0/al+oFuVFP8N8kiWRucmeEH/qQ==}
    engines: {node: '>=10'}
    hasBin: true

  normalize-path@3.0.0:
    resolution: {integrity: sha512-6eZs5Ls3WtCisHWp9S2GUy8dqkpGi4BVSz3GaqiE6ezub0512ESztXUwUB6C6IKbQkY2Pnb/mD4WYojCRwcwLA==}
    engines: {node: '>=0.10.0'}

  npm-run-path@4.0.1:
    resolution: {integrity: sha512-S48WzZW777zhNIrn7gxOlISNAqi9ZC/uQFnRdbeIHhZhCA6UqpkOT8T1G7BvfdgP4Er8gF4sUbaS0i7QvIfCWw==}
    engines: {node: '>=8'}

  onetime@5.1.2:
    resolution: {integrity: sha512-kbpaSSGJTWdAY5KPVeMOKXSrPtr8C8C7wodJbcsd51jRnmD+GZu8Y0VoU6Dm5Z4vWr0Ig/1NKuWRKf7j5aaYSg==}
    engines: {node: '>=6'}

  path-key@3.1.1:
    resolution: {integrity: sha512-ojmeN0qd+y0jszEtoY48r0Peq5dwMEkIlCOu6Q5f41lfkswXuKtYrhgoTpLnyIcHm24Uhqx+5Tqm2InSwLhE6Q==}
    engines: {node: '>=8'}

  path-name@1.0.0:
    resolution: {integrity: sha512-/dcAb5vMXH0f51yvMuSUqFpxUcA8JelbRmE5mW/p4CUJxrNgK24IkstnV7ENtg2IDGBOu6izKTG6eilbnbNKWQ==}

  read-yaml-file@2.1.0:
    resolution: {integrity: sha512-UkRNRIwnhG+y7hpqnycCL/xbTk7+ia9VuVTC0S+zVbwd65DI9eUpRMfsWIGrCWxTU/mi+JW8cHQCrv+zfCbEPQ==}
    engines: {node: '>=10.13'}

  readable-stream@3.6.2:
    resolution: {integrity: sha512-9u/sniCrY3D5WdsERHzHE4G2YCXqoG5FTHUiCC4SIbr6XcLZBY05ya9EKjYek9O5xOAwjGq+1JdGBAS7Q9ScoA==}
    engines: {node: '>= 6'}

  safe-buffer@5.2.1:
    resolution: {integrity: sha512-rp3So07KcdmmKbGvgaNxQSJr7bGVSVk5S9Eq1F+ppbRo70+YeaDxkw5Dd8NPN+GD6bjnYm2VuPuCXmpuYvmCXQ==}

  safe-execa@0.1.2:
    resolution: {integrity: sha512-vdTshSQ2JsRCgT8eKZWNJIL26C6bVqy1SOmuCMlKHegVeo8KYRobRrefOdUq9OozSPUUiSxrylteeRmLOMFfWg==}
    engines: {node: '>=12'}

  semver@7.7.2:
    resolution: {integrity: sha512-RF0Fw+rO5AMf9MAyaRXI4AV0Ulj5lMHqVxxdSgiVbixSCXoEmmX/jk0CuJw4+3SqroYO9VoUh+HcuJivvtJemA==}
    engines: {node: '>=10'}
    hasBin: true

  shebang-command@2.0.0:
    resolution: {integrity: sha512-kHxr2zZpYtdmrN1qDjrrX/Z1rR1kG8Dx+gkpK1G4eXmvXswmcE1hTWBWYUzlraYw1/yZp6YuDY77YtvbN0dmDA==}
    engines: {node: '>=8'}

  shebang-regex@3.0.0:
    resolution: {integrity: sha512-7++dFhtcx3353uBaq8DDR4NuxBetBzC7ZQOhmTQInHEd6bSrXdiEyzCvG07Z44UYdLShWUyXt5M/yhz8ekcb1A==}
    engines: {node: '>=8'}

  signal-exit@3.0.7:
    resolution: {integrity: sha512-wnD2ZE+l+SPC/uoS0vXeE9L1+0wuaMqKlfz9AMUo38JsyLSBWSFcHR1Rri62LZc12vLr1gb3jl7iwQhgwpAbGQ==}

  signal-exit@4.1.0:
    resolution: {integrity: sha512-bzyZ1e88w9O1iNJbKnOlvYTrWPDl46O1bG0D3XInv+9tkPrxrN8jUUTiFlDkkmKWgn1M6CfIA13SuGqOa9Korw==}
    engines: {node: '>=14'}

  sort-keys@4.2.0:
    resolution: {integrity: sha512-aUYIEU/UviqPgc8mHR6IW1EGxkAXpeRETYcrzg8cLAvUPZcpAlleSXHV2mY7G12GphSH6Gzv+4MMVSSkbdteHg==}
    engines: {node: '>=8'}

  split2@3.2.2:
    resolution: {integrity: sha512-9NThjpgZnifTkJpzTZ7Eue85S49QwpNhZTq6GRJwObb6jnLFNGB7Qm73V5HewTROPyxD0C29xqmaI68bQtV+hg==}

  ssri@10.0.5:
    resolution: {integrity: sha512-bSf16tAFkGeRlUNDjXu8FzaMQt6g2HZJrun7mtMbIPOddxt3GLMSz5VWUWcqTJUPfLEaDIepGxv+bYQW49596A==}
    engines: {node: ^14.17.0 || ^16.13.0 || >=18.0.0}

  string_decoder@1.3.0:
    resolution: {integrity: sha512-hkRX8U1WjJFd8LsDJ2yQ/wWWxaopEsABU1XfkM8A+j0+85JAGppt16cr1Whg6KIbb4okU6Mql6BOj+uup/wKeA==}

  strip-bom@4.0.0:
    resolution: {integrity: sha512-3xurFv5tEgii33Zi8Jtp55wEIILR9eh34FAW00PZf+JnSsTmV/ioewSgQl97JHvgjoRGwPShsWm+IdrxB35d0w==}
    engines: {node: '>=8'}

  strip-final-newline@2.0.0:
    resolution: {integrity: sha512-BrpvfNAE3dcvq7ll3xVumzjKjZQ5tI1sEUIKr3Uoks0XUl45St3FlatVqef9prk4jRDzhW6WZg+3bk93y6pLjA==}
    engines: {node: '>=6'}

  through2@4.0.2:
    resolution: {integrity: sha512-iOqSav00cVxEEICeD7TjLB1sueEL+81Wpzp2bY17uZjZN0pWZPuo4suZ/61VujxmqSGFfgOcNuTZ85QJwNZQpw==}

  util-deprecate@1.0.2:
    resolution: {integrity: sha512-EPD5q1uXyFxJpCrLnCc1nHnq3gOa6DZBocAIiI2TaSCA7VCJ1UJDMagCzIkXNsUYfD1daK//LTEQ8xiIbrHtcw==}

  which@2.0.2:
    resolution: {integrity: sha512-BLI3Tl1TW3Pvl70l3yq3Y64i+awpwXqsGBYWkkqMtnbXgrMD+yj7rhW0kuEDxzJaYXGjEW5ogapKNMEKNMjibA==}
    engines: {node: '>= 8'}
    hasBin: true

  write-file-atomic@5.0.1:
    resolution: {integrity: sha512-+QU2zd6OTD8XWIJCbffaiQeH9U73qIqafo1x6V1snCWYGJf6cVE0cDR4D8xRzcEnfI21IFrUPzPGtcPf8AC+Rw==}
    engines: {node: ^14.17.0 || ^16.13.0 || >=18.0.0}

  write-yaml-file@5.0.0:
    resolution: {integrity: sha512-FdNA4RyH1L43TlvGG8qOMIfcEczwA5ij+zLXUy3Z83CjxhLvcV7/Q/8pk22wnCgYw7PJhtK+7lhO+qqyT4NdvQ==}
    engines: {node: '>=16.14'}

snapshots:

  '@pnpm/constants@1001.1.0': {}

  '@pnpm/crypto.hash@1000.1.1':
    dependencies:
      '@pnpm/crypto.polyfill': 1000.1.0
      '@pnpm/graceful-fs': 1000.0.0
      ssri: 10.0.5

  '@pnpm/crypto.polyfill@1000.1.0': {}

  '@pnpm/dependency-path@1000.0.9':
    dependencies:
      '@pnpm/crypto.hash': 1000.1.1
      '@pnpm/types': 1000.6.0
      semver: 7.7.2

  '@pnpm/error@1000.0.2':
    dependencies:
      '@pnpm/constants': 1001.1.0

  '@pnpm/git-utils@1000.0.0':
    dependencies:
      execa: safe-execa@0.1.2

  '@pnpm/graceful-fs@1000.0.0':
    dependencies:
      graceful-fs: 4.2.11

  '@pnpm/lockfile.fs@1001.1.12(@pnpm/logger@1001.0.0)':
    dependencies:
      '@pnpm/constants': 1001.1.0
      '@pnpm/dependency-path': 1000.0.9
      '@pnpm/error': 1000.0.2
      '@pnpm/git-utils': 1000.0.0
      '@pnpm/lockfile.merger': 1001.0.8
      '@pnpm/lockfile.types': 1001.0.8
      '@pnpm/lockfile.utils': 1001.0.11
      '@pnpm/logger': 1001.0.0
      '@pnpm/object.key-sorting': 1000.0.1
      '@pnpm/types': 1000.6.0
      '@zkochan/rimraf': 3.0.2
      comver-to-semver: 1.0.0
      js-yaml: '@zkochan/js-yaml@0.0.7'
      normalize-path: 3.0.0
      ramda: '@pnpm/ramda@0.28.1'
      semver: 7.7.2
      strip-bom: 4.0.0
      write-file-atomic: 5.0.1

  '@pnpm/lockfile.merger@1001.0.8':
    dependencies:
      '@pnpm/lockfile.types': 1001.0.8
      '@pnpm/types': 1000.6.0
      comver-to-semver: 1.0.0
      ramda: '@pnpm/ramda@0.28.1'
      semver: 7.7.2

  '@pnpm/lockfile.types@1001.0.8':
    dependencies:
      '@pnpm/patching.types': 1000.1.0
      '@pnpm/types': 1000.6.0

  '@pnpm/lockfile.utils@1001.0.11':
    dependencies:
      '@pnpm/dependency-path': 1000.0.9
      '@pnpm/lockfile.types': 1001.0.8
      '@pnpm/pick-fetcher': 1000.0.0
      '@pnpm/resolver-base': 1003.0.1
      '@pnpm/types': 1000.6.0
      get-npm-tarball-url: 2.1.0
      ramda: '@pnpm/ramda@0.28.1'

  '@pnpm/logger@1001.0.0':
    dependencies:
      bole: 5.0.19
      ndjson: 2.0.0

  '@pnpm/modules-yaml@1000.3.3':
    dependencies:
      '@pnpm/types': 1000.6.0
      is-windows: 1.0.2
      ramda: '@pnpm/ramda@0.28.1'
      read-yaml-file: 2.1.0
      write-yaml-file: 5.0.0

  '@pnpm/object.key-sorting@1000.0.1':
    dependencies:
      '@pnpm/util.lex-comparator': 3.0.2
      sort-keys: 4.2.0

  '@pnpm/patching.types@1000.1.0': {}

  '@pnpm/pick-fetcher@1000.0.0': {}

  '@pnpm/ramda@0.28.1': {}

  '@pnpm/resolver-base@1003.0.1':
    dependencies:
      '@pnpm/types': 1000.6.0

  '@pnpm/types@1000.6.0': {}

  '@pnpm/util.lex-comparator@3.0.2': {}

  '@pnpm/workspace.manifest-writer@1000.1.4':
    dependencies:
      '@pnpm/constants': 1001.1.0
      '@pnpm/object.key-sorting': 1000.0.1
      '@pnpm/workspace.read-manifest': 1000.1.5
      ramda: '@pnpm/ramda@0.28.1'
      write-yaml-file: 5.0.0

  '@pnpm/workspace.read-manifest@1000.1.5':
    dependencies:
      '@pnpm/constants': 1001.1.0
      '@pnpm/error': 1000.0.2
      '@pnpm/types': 1000.6.0
      read-yaml-file: 2.1.0

  '@zkochan/js-yaml@0.0.7':
    dependencies:
      argparse: 2.0.1

  '@zkochan/rimraf@3.0.2': {}

  '@zkochan/which@2.0.3':
    dependencies:
      isexe: 2.0.0

  argparse@2.0.1: {}

  bole@5.0.19:
    dependencies:
      fast-safe-stringify: 2.1.1
      individual: 3.0.0

  comver-to-semver@1.0.0: {}

  cross-spawn@7.0.6:
    dependencies:
      path-key: 3.1.1
      shebang-command: 2.0.0
      which: 2.0.2

  execa@5.1.1:
    dependencies:
      cross-spawn: 7.0.6
      get-stream: 6.0.1
      human-signals: 2.1.0
      is-stream: 2.0.1
      merge-stream: 2.0.0
      npm-run-path: 4.0.1
      onetime: 5.1.2
      signal-exit: 3.0.7
      strip-final-newline: 2.0.0

  fast-safe-stringify@2.1.1: {}

  get-npm-tarball-url@2.1.0: {}

  get-stream@6.0.1: {}

  graceful-fs@4.2.11: {}

  human-signals@2.1.0: {}

  imurmurhash@0.1.4: {}

  individual@3.0.0: {}

  inherits@2.0.4: {}

  is-plain-obj@2.1.0: {}

  is-stream@2.0.1: {}

  is-windows@1.0.2: {}

  isexe@2.0.0: {}

  js-yaml@4.1.0:
    dependencies:
      argparse: 2.0.1

  json-stringify-safe@5.0.1: {}

  merge-stream@2.0.0: {}

  mimic-fn@2.1.0: {}

  minimist@1.2.8: {}

  minipass@7.1.2: {}

  ndjson@2.0.0:
    dependencies:
      json-stringify-safe: 5.0.1
      minimist: 1.2.8
      readable-stream: 3.6.2
      split2: 3.2.2
      through2: 4.0.2

  normalize-path@3.0.0: {}

  npm-run-path@4.0.1:
    dependencies:
      path-key: 3.1.1

  onetime@5.1.2:
    dependencies:
      mimic-fn: 2.1.0

  path-key@3.1.1: {}

  path-name@1.0.0: {}

  read-yaml-file@2.1.0:
    dependencies:
      js-yaml: 4.1.0
      strip-bom: 4.0.0

  readable-stream@3.6.2:
    dependencies:
      inherits: 2.0.4
      string_decoder: 1.3.0
      util-deprecate: 1.0.2

  safe-buffer@5.2.1: {}

  safe-execa@0.1.2:
    dependencies:
      '@zkochan/which': 2.0.3
      execa: 5.1.1
      path-name: 1.0.0

  semver@7.7.2: {}

  shebang-command@2.0.0:
    dependencies:
      shebang-regex: 3.0.0

  shebang-regex@3.0.0: {}

  signal-exit@3.0.7: {}

  signal-exit@4.1.0: {}

  sort-keys@4.2.0:
    dependencies:
      is-plain-obj: 2.1.0

  split2@3.2.2:
    dependencies:
      readable-stream: 3.6.2

  ssri@10.0.5:
    dependencies:
      minipass: 7.1.2

  string_decoder@1.3.0:
    dependencies:
      safe-buffer: 5.2.1

  strip-bom@4.0.0: {}

  strip-final-newline@2.0.0: {}

  through2@4.0.2:
    dependencies:
      readable-stream: 3.6.2

  util-deprecate@1.0.2: {}

  which@2.0.2:
    dependencies:
      isexe: 2.0.0

  write-file-atomic@5.0.1:
    dependencies:
      imurmurhash: 0.1.4
      signal-exit: 4.1.0

  write-yaml-file@5.0.0:
    dependencies:
      js-yaml: 4.1.0
      write-file-atomic: 5.0.1
